github.com/Colocust/strcture v0.0.0-20210731151407-8ec5fcb25e67 h1:5dCv8mPPIYQxkZRAGhpejUBGxCTnXjTF8EeS40o5q+E=
github.com/Colocust/strcture v0.0.0-20210731151407-8ec5fcb25e67/go.mod h1:7AO+WXhp+0un/fxRKHhI0Lo9EpYbWWZ+TecK/FhIrMc=
github.com/Colocust/strcture v0.0.0-20210808094221-f1c0cba28623 h1:Rf6ckEx0KzaO69/6SvVcHv0ja7rUjyT5iW2CtNCo+dE=
github.com/Colocust/strcture v0.0.0-20210808094221-f1c0cba28623/go.mod h1:xvR5V8zhJkQ1Gk3E5vYSCLKRxm61WB28iUSDFWkF4xY=
github.com/davecgh/go-spew v1.1.0/go.mod h1:J7Y8YcW2NihsgmVo/mv3lAwl/skON4iLHjSsI+c5H38=
github.com/pmezard/go-difflib v1.0.0/go.mod h1:iKH77koFhYxTK1pcRnkKkqfTogsbg7gZNVY4sRDYZ/4=
github.com/stretchr/objx v0.1.0/go.mod h1:HFkY916IF+rwdDfMAkV7OtwuqBVzrE8GR6GFx+wExME=
github.com/stretchr/testify v1.7.0/go.mod h1:6Fq8oRcR53rry900zMqJjRRixrwX3KX962/h/Wwjteg=
gopkg.in/check.v1 v0.0.0-20161208181325-20d25e280405/go.mod h1:Co6ibVJAznAaIkqp8huTwlJQCZ016jof/cbN4VW5Yz0=
gopkg.in/yaml.v3 v3.0.0-20200313102051-9f266ea9e77c h1:dUUwHk2QECo/6vqA44rthZ8ie2QXMNeKRTHCNY2nXvo=
gopkg.in/yaml.v3 v3.0.0-20200313102051-9f266ea9e77c/go.mod h1:K4uyk7z7BCEPqu6E+C64Yfv1cQ7kz7rIZviUmN+EgEM=
